<Solution>
  <Folder Name="/scripts/">
    <File Path="scripts\DownloadCatalog.cs" />
    <File Path="scripts\ExpandCatalog.cs" />
    <File Path="scripts\ReadCatalog.cs" />
    <File Path="scripts\ReadCatalogS57.cs" />
  </Folder>
  <Folder Name="/src/">
    <Project Path="src/EncDotNet.ChartViewer/EncDotNet.ChartViewer.csproj" />
    <Project Path="src/EncDotNet.S57/EncDotNet.S57.csproj" />
    <Project Path="src/EncDotNet.Iso8211/EncDotNet.Iso8211.csproj" />
    <Project Path="src/EncDotNet.ProductCatalog/EncDotNet.ProductCatalog.csproj" />
  </Folder>
  <Folder Name="/tests/">
    <Project Path="tests/EndDotNet.UnitTests/EndDotNet.UnitTests.csproj" />
  </Folder>
  <Folder Name="/benchmarks/">
    <Project Path="tests/EncDotNet.Benchmarks/EncDotNet.Benchmarks.csproj" />
  </Folder>
</Solution>
