<Solution>
  <Folder Name="/scripts/">
    <File Path="scripts\DownloadCatalog.cs" />
    <File Path="scripts\ExpandCatalog.cs" />
    <File Path="scripts\ReadCatalog.cs" />
  </Folder>
  <Folder Name="/src/">
    <Project Path="src/EncDotNet.Console/EncDotNet.Console.csproj" />
    <Project Path="src/EncDotNet.Iso8211/EncDotNet.Iso8211.csproj" />
    <Project Path="src/EncDotNet.ProductCatalog/EncDotNet.ProductCatalog.csproj" />
  </Folder>
  <Folder Name="/tests/">
    <Project Path="EndDotNet.UnitTests/EndDotNet.UnitTests.csproj" />
  </Folder>
</Solution>
